{
  "name": "@freesewing/components",
  "version": "2.2.0-alpha.2",
  "lockfileVersion": 1,
  "requires": true,
  "dependencies": {
    "@babel/runtime": {
      "version": "7.4.4",
      "resolved": "https://registry.npmjs.org/@babel/runtime/-/runtime-7.4.4.tgz",
      "integrity": "sha512-w0+uT71b6Yi7i5SE0co4NioIpSYS6lLiXvCzWzGSKvpK5vdQtCbICHMj+gbAKAOtxiV6HsVh/MBdaF9EQ6faSg==",
      "requires": {
        "regenerator-runtime": "^0.13.2"
      }
    },
    "@emotion/hash": {
      "version": "0.7.1",
      "resolved": "https://registry.npmjs.org/@emotion/hash/-/hash-0.7.1.tgz",
      "integrity": "sha512-OYpa/Sg+2GDX+jibUfpZVn1YqSVRpYmTLF2eyAfrFTIJSbwyIrc+YscayoykvaOME/wV4BV0Sa0yqdMrgse6mA=="
    },
    "@freesewing/i18n": {
      "version": "2.0.0-alpha.2",
      "resolved": "https://registry.npmjs.org/@freesewing/i18n/-/i18n-2.0.0-alpha.2.tgz",
      "integrity": "sha512-NWwtvOwoM2p3k+U6Fg2z0oxJYDhcs9xQQ79KVq3t/AVDqzfSoDPz3113ryF6zcnDd4XL1qTO/01zW5o6Ho6Djw=="
    },
    "@freesewing/utils": {
      "version": "2.0.0-alpha.2",
      "resolved": "https://registry.npmjs.org/@freesewing/utils/-/utils-2.0.0-alpha.2.tgz",
      "integrity": "sha512-SB9XMD1rcA5FnXvHVIVp3POvPZCpA37nkq+/k2two5DUfdE4+UYUqLKZX0UCgL63LK7qYhEt1xWUasnvN3U35g=="
    },
    "@material-ui/core": {
      "version": "3.9.3",
      "resolved": "https://registry.npmjs.org/@material-ui/core/-/core-3.9.3.tgz",
      "integrity": "sha512-REIj62+zEvTgI/C//YL4fZxrCVIySygmpZglsu/Nl5jPqy3CDjZv1F9ubBYorHqmRgeVPh64EghMMWqk4egmfg==",
      "requires": {
        "@babel/runtime": "^7.2.0",
        "@material-ui/system": "^3.0.0-alpha.0",
        "@material-ui/utils": "^3.0.0-alpha.2",
        "@types/jss": "^9.5.6",
        "@types/react-transition-group": "^2.0.8",
        "brcast": "^3.0.1",
        "classnames": "^2.2.5",
        "csstype": "^2.5.2",
        "debounce": "^1.1.0",
        "deepmerge": "^3.0.0",
        "dom-helpers": "^3.2.1",
        "hoist-non-react-statics": "^3.2.1",
        "is-plain-object": "^2.0.4",
        "jss": "^9.8.7",
        "jss-camel-case": "^6.0.0",
        "jss-default-unit": "^8.0.2",
        "jss-global": "^3.0.0",
        "jss-nested": "^6.0.1",
        "jss-props-sort": "^6.0.0",
        "jss-vendor-prefixer": "^7.0.0",
        "normalize-scroll-left": "^0.1.2",
        "popper.js": "^1.14.1",
        "prop-types": "^15.6.0",
        "react-event-listener": "^0.6.2",
        "react-transition-group": "^2.2.1",
        "recompose": "0.28.0 - 0.30.0",
        "warning": "^4.0.1"
      }
    },
    "@material-ui/lab": {
      "version": "3.0.0-alpha.30",
      "resolved": "https://registry.npmjs.org/@material-ui/lab/-/lab-3.0.0-alpha.30.tgz",
      "integrity": "sha512-d8IXbkQO92Ln7f/Tzy8Q5cLi/sMWH/Uz1xrOO5NKUgg42whwyCuoT9ErddDPFNQmPi9d1C7A5AG8ONjEAbAIyQ==",
      "requires": {
        "@babel/runtime": "^7.2.0",
        "@material-ui/utils": "^3.0.0-alpha.2",
        "classnames": "^2.2.5",
        "keycode": "^2.1.9",
        "prop-types": "^15.6.0"
      }
    },
    "@material-ui/styles": {
      "version": "3.0.0-alpha.10",
      "resolved": "https://registry.npmjs.org/@material-ui/styles/-/styles-3.0.0-alpha.10.tgz",
      "integrity": "sha512-qJ5eiupBPRCNlMCDZ2G5h8auBtBtm8uT/oCUAJ/FqhO5oC7POLmmvDN1Cq1cgAmqQnaL6uN5mAM1Gc90GpKr9A==",
      "requires": {
        "@babel/runtime": "^7.2.0",
        "@emotion/hash": "^0.7.1",
        "@material-ui/utils": "^3.0.0-alpha.2",
        "classnames": "^2.2.5",
        "deepmerge": "^3.0.0",
        "hoist-non-react-statics": "^3.2.1",
        "jss": "^10.0.0-alpha.7",
        "jss-plugin-camel-case": "^10.0.0-alpha.7",
        "jss-plugin-default-unit": "^10.0.0-alpha.7",
        "jss-plugin-global": "^10.0.0-alpha.7",
        "jss-plugin-nested": "^10.0.0-alpha.7",
        "jss-plugin-props-sort": "^10.0.0-alpha.7",
        "jss-plugin-rule-value-function": "^10.0.0-alpha.7",
        "jss-plugin-vendor-prefixer": "^10.0.0-alpha.7",
        "prop-types": "^15.6.0",
        "warning": "^4.0.1"
      },
      "dependencies": {
        "jss": {
          "version": "10.0.0-alpha.16",
          "resolved": "https://registry.npmjs.org/jss/-/jss-10.0.0-alpha.16.tgz",
          "integrity": "sha512-HmKNNnr82TR5jkWjBcbrx/uim2ief588pWp7zsf4GQpL125zRkEaWYL1SXv5bR6bBvAoTtvJsTAOxDIlLxUNZg==",
          "requires": {
            "@babel/runtime": "^7.3.1",
            "is-in-browser": "^1.1.3",
            "tiny-warning": "^1.0.2"
          }
        }
      }
    },
    "@material-ui/system": {
      "version": "3.0.0-alpha.2",
      "resolved": "https://registry.npmjs.org/@material-ui/system/-/system-3.0.0-alpha.2.tgz",
      "integrity": "sha512-odmxQ0peKpP7RQBQ8koly06YhsPzcoVib1vByVPBH4QhwqBXuYoqlCjt02846fYspAqkrWzjxnWUD311EBbxOA==",
      "requires": {
        "@babel/runtime": "^7.2.0",
        "deepmerge": "^3.0.0",
        "prop-types": "^15.6.0",
        "warning": "^4.0.1"
      }
    },
    "@material-ui/utils": {
      "version": "3.0.0-alpha.3",
      "resolved": "https://registry.npmjs.org/@material-ui/utils/-/utils-3.0.0-alpha.3.tgz",
      "integrity": "sha512-rwMdMZptX0DivkqBuC+Jdq7BYTXwqKai5G5ejPpuEDKpWzi1Oxp+LygGw329FrKpuKeiqpcymlqJTjmy+quWng==",
      "requires": {
        "@babel/runtime": "^7.2.0",
        "prop-types": "^15.6.0",
        "react-is": "^16.6.3"
      }
    },
    "@types/jss": {
      "version": "9.5.8",
      "resolved": "https://registry.npmjs.org/@types/jss/-/jss-9.5.8.tgz",
      "integrity": "sha512-bBbHvjhm42UKki+wZpR89j73ykSXg99/bhuKuYYePtpma3ZAnmeGnl0WxXiZhPGsIfzKwCUkpPC0jlrVMBfRxA==",
      "requires": {
        "csstype": "^2.0.0",
        "indefinite-observable": "^1.0.1"
      }
    },
    "@types/prop-types": {
      "version": "15.7.1",
      "resolved": "https://registry.npmjs.org/@types/prop-types/-/prop-types-15.7.1.tgz",
      "integrity": "sha512-CFzn9idOEpHrgdw8JsoTkaDDyRWk1jrzIV8djzcgpq0y9tG4B4lFT+Nxh52DVpDXV+n4+NPNv7M1Dj5uMp6XFg=="
    },
    "@types/react": {
      "version": "16.8.14",
      "resolved": "https://registry.npmjs.org/@types/react/-/react-16.8.14.tgz",
      "integrity": "sha512-26tFVJ1omGmzIdFTFmnC5zhz1GTaqCjxgUxV4KzWvsybF42P7/j4RBn6UeO3KbHPXqKWZszMXMoI65xIWm954A==",
      "requires": {
        "@types/prop-types": "*",
        "csstype": "^2.2.0"
      }
    },
    "@types/react-transition-group": {
      "version": "2.9.0",
      "resolved": "https://registry.npmjs.org/@types/react-transition-group/-/react-transition-group-2.9.0.tgz",
      "integrity": "sha512-hP7vUaZMVSWKxo133P8U51U6UZ7+pbY+eAQb8+p6SZ2rB1rj3mOTDgTzhhi+R2SCB4S+sWekAAGoxdiZPG0ReQ==",
      "requires": {
        "@types/react": "*"
      }
    },
    "asap": {
      "version": "2.0.6",
      "resolved": "https://registry.npmjs.org/asap/-/asap-2.0.6.tgz",
      "integrity": "sha1-5QNHYR1+aQlDIIu9r+vLwvuGbUY="
    },
    "brcast": {
      "version": "3.0.1",
      "resolved": "https://registry.npmjs.org/brcast/-/brcast-3.0.1.tgz",
      "integrity": "sha512-eI3yqf9YEqyGl9PCNTR46MGvDylGtaHjalcz6Q3fAPnP/PhpKkkve52vFdfGpwp4VUvK6LUr4TQN+2stCrEwTg=="
    },
    "change-emitter": {
      "version": "0.1.6",
      "resolved": "https://registry.npmjs.org/change-emitter/-/change-emitter-0.1.6.tgz",
      "integrity": "sha1-6LL+PX8at9aaMhma/5HqaTFAlRU="
    },
    "classnames": {
      "version": "2.2.6",
      "resolved": "https://registry.npmjs.org/classnames/-/classnames-2.2.6.tgz",
      "integrity": "sha512-JR/iSQOSt+LQIWwrwEzJ9uk0xfN3mTVYMwt1Ir5mUcSN6pU+V4zQFFaJsclJbPuAUQH+yfWef6tm7l1quW3C8Q=="
    },
    "core-js": {
      "version": "1.2.7",
      "resolved": "https://registry.npmjs.org/core-js/-/core-js-1.2.7.tgz",
      "integrity": "sha1-ZSKUwUZR2yj6k70tX/KYOk8IxjY="
    },
    "css-vendor": {
      "version": "0.3.8",
      "resolved": "https://registry.npmjs.org/css-vendor/-/css-vendor-0.3.8.tgz",
      "integrity": "sha1-ZCHP0wNM5mT+dnOXL9ARn8KJQfo=",
      "requires": {
        "is-in-browser": "^1.0.2"
      }
    },
    "csstype": {
      "version": "2.6.4",
      "resolved": "https://registry.npmjs.org/csstype/-/csstype-2.6.4.tgz",
      "integrity": "sha512-lAJUJP3M6HxFXbqtGRc0iZrdyeN+WzOWeY0q/VnFzI+kqVrYIzC7bWlKqCW7oCIdzoPkvfp82EVvrTlQ8zsWQg=="
    },
    "debounce": {
      "version": "1.2.0",
      "resolved": "https://registry.npmjs.org/debounce/-/debounce-1.2.0.tgz",
      "integrity": "sha512-mYtLl1xfZLi1m4RtQYlZgJUNQjl4ZxVnHzIR8nLLgi4q1YT8o/WM+MK/f8yfcc9s5Ir5zRaPZyZU6xs1Syoocg=="
    },
    "deepmerge": {
      "version": "3.2.0",
      "resolved": "https://registry.npmjs.org/deepmerge/-/deepmerge-3.2.0.tgz",
      "integrity": "sha512-6+LuZGU7QCNUnAJyX8cIrlzoEgggTM6B7mm+znKOX4t5ltluT9KLjN6g61ECMS0LTsLW7yDpNoxhix5FZcrIow=="
    },
    "dom-helpers": {
      "version": "3.4.0",
      "resolved": "https://registry.npmjs.org/dom-helpers/-/dom-helpers-3.4.0.tgz",
      "integrity": "sha512-LnuPJ+dwqKDIyotW1VzmOZ5TONUN7CwkCR5hrgawTUbkBGYdeoNLZo6nNfGkCrjtE1nXXaj7iMMpDa8/d9WoIA==",
      "requires": {
        "@babel/runtime": "^7.1.2"
      }
    },
    "encoding": {
      "version": "0.1.12",
      "resolved": "https://registry.npmjs.org/encoding/-/encoding-0.1.12.tgz",
      "integrity": "sha1-U4tm8+5izRq1HsMjgp0flIDHS+s=",
      "requires": {
        "iconv-lite": "~0.4.13"
      }
    },
    "fbjs": {
      "version": "0.8.17",
      "resolved": "https://registry.npmjs.org/fbjs/-/fbjs-0.8.17.tgz",
      "integrity": "sha1-xNWY6taUkRJlPWWIsBpc3Nn5D90=",
      "requires": {
        "core-js": "^1.0.0",
        "isomorphic-fetch": "^2.1.1",
        "loose-envify": "^1.0.0",
        "object-assign": "^4.1.0",
        "promise": "^7.1.1",
        "setimmediate": "^1.0.5",
        "ua-parser-js": "^0.7.18"
      }
    },
    "hoist-non-react-statics": {
      "version": "3.3.0",
      "resolved": "https://registry.npmjs.org/hoist-non-react-statics/-/hoist-non-react-statics-3.3.0.tgz",
      "integrity": "sha512-0XsbTXxgiaCDYDIWFcwkmerZPSwywfUqYmwT4jzewKTQSWoE6FCMoUVOeBJWK3E/CrWbxRG3m5GzY4lnIwGRBA==",
      "requires": {
        "react-is": "^16.7.0"
      }
    },
    "hyphenate-style-name": {
      "version": "1.0.3",
      "resolved": "https://registry.npmjs.org/hyphenate-style-name/-/hyphenate-style-name-1.0.3.tgz",
      "integrity": "sha512-EcuixamT82oplpoJ2XU4pDtKGWQ7b00CD9f1ug9IaQ3p1bkHMiKCZ9ut9QDI6qsa6cpUuB+A/I+zLtdNK4n2DQ=="
    },
    "iconv-lite": {
      "version": "0.4.24",
      "resolved": "https://registry.npmjs.org/iconv-lite/-/iconv-lite-0.4.24.tgz",
      "integrity": "sha512-v3MXnZAcvnywkTUEZomIActle7RXXeedOR31wwl7VlyoXO4Qi9arvSenNQWne1TcRwhCL1HwLI21bEqdpj8/rA==",
      "requires": {
        "safer-buffer": ">= 2.1.2 < 3"
      }
    },
    "indefinite-observable": {
      "version": "1.0.2",
      "resolved": "https://registry.npmjs.org/indefinite-observable/-/indefinite-observable-1.0.2.tgz",
      "integrity": "sha512-Mps0898zEduHyPhb7UCgNmfzlqNZknVmaFz5qzr0mm04YQ5FGLhAyK/dJ+NaRxGyR6juQXIxh5Ev0xx+qq0nYA==",
      "requires": {
        "symbol-observable": "1.2.0"
      }
    },
    "intl-format-cache": {
      "version": "2.1.0",
      "resolved": "https://registry.npmjs.org/intl-format-cache/-/intl-format-cache-2.1.0.tgz",
      "integrity": "sha1-BKNp/sv61tpgBbrh8UMzMy3PkxY="
    },
    "intl-messageformat": {
      "version": "2.2.0",
      "resolved": "https://registry.npmjs.org/intl-messageformat/-/intl-messageformat-2.2.0.tgz",
      "integrity": "sha1-NFvNRt5jC3aDMwwuUhd/9eq0hPw=",
      "requires": {
        "intl-messageformat-parser": "1.4.0"
      }
    },
    "intl-messageformat-parser": {
      "version": "1.4.0",
      "resolved": "https://registry.npmjs.org/intl-messageformat-parser/-/intl-messageformat-parser-1.4.0.tgz",
      "integrity": "sha1-tD1FqXRoytvkQzHXS7Ho3qRPwHU="
    },
    "intl-relativeformat": {
      "version": "2.1.0",
      "resolved": "https://registry.npmjs.org/intl-relativeformat/-/intl-relativeformat-2.1.0.tgz",
      "integrity": "sha1-AQ8RBYAiUfQKxH0OPhogE0iiVd8=",
      "requires": {
        "intl-messageformat": "^2.0.0"
      }
    },
    "invariant": {
      "version": "2.2.4",
      "resolved": "https://registry.npmjs.org/invariant/-/invariant-2.2.4.tgz",
      "integrity": "sha512-phJfQVBuaJM5raOpJjSfkiD6BpbCE4Ns//LaXl6wGYtUBY83nWS6Rf9tXm2e8VaK60JEjYldbPif/A2B1C2gNA==",
      "requires": {
        "loose-envify": "^1.0.0"
      }
    },
    "is-in-browser": {
      "version": "1.1.3",
      "resolved": "https://registry.npmjs.org/is-in-browser/-/is-in-browser-1.1.3.tgz",
      "integrity": "sha1-Vv9NtoOgeMYILrldrX3GLh0E+DU="
    },
    "is-plain-object": {
      "version": "2.0.4",
      "resolved": "https://registry.npmjs.org/is-plain-object/-/is-plain-object-2.0.4.tgz",
      "integrity": "sha512-h5PpgXkWitc38BBMYawTYMWJHFZJVnBquFE57xFpjB8pJFiF6gZ+bU+WyI/yqXiFR5mdLsgYNaPe8uao6Uv9Og==",
      "requires": {
        "isobject": "^3.0.1"
      }
    },
    "is-stream": {
      "version": "1.1.0",
      "resolved": "https://registry.npmjs.org/is-stream/-/is-stream-1.1.0.tgz",
      "integrity": "sha1-EtSj3U5o4Lec6428hBc66A2RykQ="
    },
    "isobject": {
      "version": "3.0.1",
      "resolved": "https://registry.npmjs.org/isobject/-/isobject-3.0.1.tgz",
      "integrity": "sha1-TkMekrEalzFjaqH5yNHMvP2reN8="
    },
    "isomorphic-fetch": {
      "version": "2.2.1",
      "resolved": "https://registry.npmjs.org/isomorphic-fetch/-/isomorphic-fetch-2.2.1.tgz",
      "integrity": "sha1-YRrhrPFPXoH3KVB0coGf6XM1WKk=",
      "requires": {
        "node-fetch": "^1.0.1",
        "whatwg-fetch": ">=0.10.0"
      }
    },
    "js-tokens": {
      "version": "4.0.0",
      "resolved": "https://registry.npmjs.org/js-tokens/-/js-tokens-4.0.0.tgz",
      "integrity": "sha512-RdJUflcE3cUzKiMqQgsCu06FPu9UdIJO0beYbPhHN4k6apgJtifcoCtT9bcxOpYBtpD2kCM6Sbzg4CausW/PKQ=="
    },
    "jss": {
      "version": "9.8.7",
      "resolved": "https://registry.npmjs.org/jss/-/jss-9.8.7.tgz",
      "integrity": "sha512-awj3XRZYxbrmmrx9LUSj5pXSUfm12m8xzi/VKeqI1ZwWBtQ0kVPTs3vYs32t4rFw83CgFDukA8wKzOE9sMQnoQ==",
      "requires": {
        "is-in-browser": "^1.1.3",
        "symbol-observable": "^1.1.0",
        "warning": "^3.0.0"
      },
      "dependencies": {
        "warning": {
          "version": "3.0.0",
          "resolved": "https://registry.npmjs.org/warning/-/warning-3.0.0.tgz",
          "integrity": "sha1-MuU3fLVy3kqwR1O9+IIcAe1gW3w=",
          "requires": {
            "loose-envify": "^1.0.0"
          }
        }
      }
    },
    "jss-camel-case": {
      "version": "6.1.0",
      "resolved": "https://registry.npmjs.org/jss-camel-case/-/jss-camel-case-6.1.0.tgz",
      "integrity": "sha512-HPF2Q7wmNW1t79mCqSeU2vdd/vFFGpkazwvfHMOhPlMgXrJDzdj9viA2SaHk9ZbD5pfL63a8ylp4++irYbbzMQ==",
      "requires": {
        "hyphenate-style-name": "^1.0.2"
      }
    },
    "jss-default-unit": {
      "version": "8.0.2",
      "resolved": "https://registry.npmjs.org/jss-default-unit/-/jss-default-unit-8.0.2.tgz",
      "integrity": "sha512-WxNHrF/18CdoAGw2H0FqOEvJdREXVXLazn7PQYU7V6/BWkCV0GkmWsppNiExdw8dP4TU1ma1dT9zBNJ95feLmg=="
    },
    "jss-global": {
      "version": "3.0.0",
      "resolved": "https://registry.npmjs.org/jss-global/-/jss-global-3.0.0.tgz",
      "integrity": "sha512-wxYn7vL+TImyQYGAfdplg7yaxnPQ9RaXY/cIA8hawaVnmmWxDHzBK32u1y+RAvWboa3lW83ya3nVZ/C+jyjZ5Q=="
    },
    "jss-nested": {
      "version": "6.0.1",
      "resolved": "https://registry.npmjs.org/jss-nested/-/jss-nested-6.0.1.tgz",
      "integrity": "sha512-rn964TralHOZxoyEgeq3hXY8hyuCElnvQoVrQwKHVmu55VRDd6IqExAx9be5HgK0yN/+hQdgAXQl/GUrBbbSTA==",
      "requires": {
        "warning": "^3.0.0"
      },
      "dependencies": {
        "warning": {
          "version": "3.0.0",
          "resolved": "https://registry.npmjs.org/warning/-/warning-3.0.0.tgz",
          "integrity": "sha1-MuU3fLVy3kqwR1O9+IIcAe1gW3w=",
          "requires": {
            "loose-envify": "^1.0.0"
          }
        }
      }
    },
    "jss-plugin-camel-case": {
      "version": "10.0.0-alpha.7",
      "resolved": "https://registry.npmjs.org/jss-plugin-camel-case/-/jss-plugin-camel-case-10.0.0-alpha.7.tgz",
      "integrity": "sha512-Bwrav1ZB0XywdJW6TaEuFhKe1ZpZvUlESh3jsFOvebA9aFTYNCkmHMEqjA5+u9VMxksl3u77nnZHtukpxkzrBA==",
      "requires": {
        "@babel/runtime": "^7.0.0",
        "hyphenate-style-name": "^1.0.2"
      }
    },
    "jss-plugin-default-unit": {
      "version": "10.0.0-alpha.7",
      "resolved": "https://registry.npmjs.org/jss-plugin-default-unit/-/jss-plugin-default-unit-10.0.0-alpha.7.tgz",
      "integrity": "sha512-auuJUbQaWMxoHOVFPrfZNZpZm9ab8PZeDyvey8nMt2lbokkmZ53UyAnM/1kNsg5BdAXTItcLDxDB3I4gwNU84g==",
      "requires": {
        "@babel/runtime": "^7.0.0"
      }
    },
    "jss-plugin-global": {
      "version": "10.0.0-alpha.7",
      "resolved": "https://registry.npmjs.org/jss-plugin-global/-/jss-plugin-global-10.0.0-alpha.7.tgz",
      "integrity": "sha512-OWeoW4szLDgRUKviST+xfilqa8O5uXJCW+O3YonheCRTRJg6rRzlE/b5pfYPoU9UtwvY9n7JvwBX5r3c1lMsEQ==",
      "requires": {
        "@babel/runtime": "^7.0.0"
      }
    },
    "jss-plugin-nested": {
      "version": "10.0.0-alpha.7",
      "resolved": "https://registry.npmjs.org/jss-plugin-nested/-/jss-plugin-nested-10.0.0-alpha.7.tgz",
      "integrity": "sha512-wsRzuIZXAc6WMjc61mREW9cUrDxgSI7dK/fx5c7a06IDUfSn+83NJ30J/RB4oBnbQW9SijV/muujz7IJqpn9Gw==",
      "requires": {
        "@babel/runtime": "^7.0.0",
        "tiny-warning": "^1.0.2"
      }
    },
    "jss-plugin-props-sort": {
      "version": "10.0.0-alpha.7",
      "resolved": "https://registry.npmjs.org/jss-plugin-props-sort/-/jss-plugin-props-sort-10.0.0-alpha.7.tgz",
      "integrity": "sha512-KXOCaHUk1+KXqE0z3q66/w1fDoy+VsZvI77gLxOqTsTrvIKFLX0jarwXogW3CDlaPQQFTZ6JykJJXtPRTBlstA==",
      "requires": {
        "@babel/runtime": "^7.0.0"
      }
    },
    "jss-plugin-rule-value-function": {
      "version": "10.0.0-alpha.7",
      "resolved": "https://registry.npmjs.org/jss-plugin-rule-value-function/-/jss-plugin-rule-value-function-10.0.0-alpha.7.tgz",
      "integrity": "sha512-ett83hvIM69/LknmrWndrrdiDlfLfP+rneU5qP7gTOWJ7g1P9GuEL1Tc4CWdZUWBX+T58tgIBP0V1pzWCkP0QA==",
      "requires": {
        "@babel/runtime": "^7.0.0"
      }
    },
    "jss-plugin-vendor-prefixer": {
      "version": "10.0.0-alpha.7",
      "resolved": "https://registry.npmjs.org/jss-plugin-vendor-prefixer/-/jss-plugin-vendor-prefixer-10.0.0-alpha.7.tgz",
      "integrity": "sha512-YbIVgqq+dLimOBOEYggho1Iuc0roz4PJSZYyaok9n8JnXVIqPnxYJbr8+bMbvzJ5CL3eeJij/e7L2IPCceRKrA==",
      "requires": {
        "@babel/runtime": "^7.0.0",
        "css-vendor": "^1.1.0"
      },
      "dependencies": {
        "css-vendor": {
          "version": "1.2.1",
          "resolved": "https://registry.npmjs.org/css-vendor/-/css-vendor-1.2.1.tgz",
          "integrity": "sha512-ZpwiWxn5jWNJ7NF3DAb/Dc/+c2lRu+fnovej/adCv3VJsULJSjdXEpUwRcq4fnpAAh98Hi7b0GDnlyoNFcdv1g==",
          "requires": {
            "@babel/runtime": "^7.3.1",
            "is-in-browser": "^1.0.2"
          }
        }
      }
    },
    "jss-props-sort": {
      "version": "6.0.0",
      "resolved": "https://registry.npmjs.org/jss-props-sort/-/jss-props-sort-6.0.0.tgz",
      "integrity": "sha512-E89UDcrphmI0LzmvYk25Hp4aE5ZBsXqMWlkFXS0EtPkunJkRr+WXdCNYbXbksIPnKlBenGB9OxzQY+mVc70S+g=="
    },
    "jss-vendor-prefixer": {
      "version": "7.0.0",
      "resolved": "https://registry.npmjs.org/jss-vendor-prefixer/-/jss-vendor-prefixer-7.0.0.tgz",
      "integrity": "sha512-Agd+FKmvsI0HLcYXkvy8GYOw3AAASBUpsmIRvVQheps+JWaN892uFOInTr0DRydwaD91vSSUCU4NssschvF7MA==",
      "requires": {
        "css-vendor": "^0.3.8"
      }
    },
    "keycode": {
      "version": "2.2.0",
      "resolved": "https://registry.npmjs.org/keycode/-/keycode-2.2.0.tgz",
      "integrity": "sha1-PQr1bce4uOXLqNCpfxByBO7CKwQ="
    },
    "loose-envify": {
      "version": "1.4.0",
      "resolved": "https://registry.npmjs.org/loose-envify/-/loose-envify-1.4.0.tgz",
      "integrity": "sha512-lyuxPGr/Wfhrlem2CL/UcnUc1zcqKAImBDzukY7Y5F/yQiNdko6+fRLevlw1HgMySw7f611UIY408EtxRSoK3Q==",
      "requires": {
        "js-tokens": "^3.0.0 || ^4.0.0"
      }
    },
    "node-fetch": {
      "version": "1.7.3",
      "resolved": "https://registry.npmjs.org/node-fetch/-/node-fetch-1.7.3.tgz",
      "integrity": "sha512-NhZ4CsKx7cYm2vSrBAr2PvFOe6sWDf0UYLRqA6svUYg7+/TSfVAu49jYC4BvQ4Sms9SZgdqGBgroqfDhJdTyKQ==",
      "requires": {
        "encoding": "^0.1.11",
        "is-stream": "^1.0.1"
      }
    },
    "normalize-scroll-left": {
      "version": "0.1.2",
      "resolved": "https://registry.npmjs.org/normalize-scroll-left/-/normalize-scroll-left-0.1.2.tgz",
      "integrity": "sha512-F9YMRls0zCF6BFIE2YnXDRpHPpfd91nOIaNdDgrx5YMoPLo8Wqj+6jNXHQsYBavJeXP4ww8HCt0xQAKc5qk2Fg=="
    },
    "object-assign": {
      "version": "4.1.1",
      "resolved": "https://registry.npmjs.org/object-assign/-/object-assign-4.1.1.tgz",
      "integrity": "sha1-IQmtx5ZYh8/AXLvUQsrIv7s2CGM="
    },
    "popper.js": {
      "version": "1.15.0",
      "resolved": "https://registry.npmjs.org/popper.js/-/popper.js-1.15.0.tgz",
      "integrity": "sha512-w010cY1oCUmI+9KwwlWki+r5jxKfTFDVoadl7MSrIujHU5MJ5OR6HTDj6Xo8aoR/QsA56x8jKjA59qGH4ELtrA=="
    },
    "promise": {
      "version": "7.3.1",
      "resolved": "https://registry.npmjs.org/promise/-/promise-7.3.1.tgz",
      "integrity": "sha512-nolQXZ/4L+bP/UGlkfaIujX9BKxGwmQ9OT4mOt5yvy8iK1h3wqTEJCijzGANTCCl9nWjY41juyAn2K3Q1hLLTg==",
      "requires": {
        "asap": "~2.0.3"
      }
    },
    "prop-types": {
      "version": "15.7.2",
      "resolved": "https://registry.npmjs.org/prop-types/-/prop-types-15.7.2.tgz",
      "integrity": "sha512-8QQikdH7//R2vurIJSutZ1smHYTcLpRWEOlHnzcWHmBYrOGUysKwSsrC89BCiFj3CbrfJ/nXFdJepOVrY1GCHQ==",
      "requires": {
        "loose-envify": "^1.4.0",
        "object-assign": "^4.1.1",
        "react-is": "^16.8.1"
      }
    },
    "react": {
      "version": "16.8.6",
      "resolved": "https://registry.npmjs.org/react/-/react-16.8.6.tgz",
      "integrity": "sha512-pC0uMkhLaHm11ZSJULfOBqV4tIZkx87ZLvbbQYunNixAAvjnC+snJCg0XQXn9VIsttVsbZP/H/ewzgsd5fxKXw==",
      "requires": {
        "loose-envify": "^1.1.0",
        "object-assign": "^4.1.1",
        "prop-types": "^15.6.2",
        "scheduler": "^0.13.6"
      }
    },
    "react-event-listener": {
      "version": "0.6.6",
      "resolved": "https://registry.npmjs.org/react-event-listener/-/react-event-listener-0.6.6.tgz",
      "integrity": "sha512-+hCNqfy7o9wvO6UgjqFmBzARJS7qrNoda0VqzvOuioEpoEXKutiKuv92dSz6kP7rYLmyHPyYNLesi5t/aH1gfw==",
      "requires": {
        "@babel/runtime": "^7.2.0",
        "prop-types": "^15.6.0",
        "warning": "^4.0.1"
      }
    },
    "react-intl": {
      "version": "2.8.0",
      "resolved": "https://registry.npmjs.org/react-intl/-/react-intl-2.8.0.tgz",
      "integrity": "sha512-1cSasNkHxZOXYYhms9Q1tSEWF8AWZQNq3nPLB/j8mYV0ZTSt2DhGQXHfKrKQMu4cgj9J1Crqg7xFPICTBgzqtQ==",
      "requires": {
        "hoist-non-react-statics": "^2.5.5",
        "intl-format-cache": "^2.0.5",
        "intl-messageformat": "^2.1.0",
        "intl-relativeformat": "^2.1.0",
        "invariant": "^2.1.1"
      },
      "dependencies": {
        "hoist-non-react-statics": {
          "version": "2.5.5",
          "resolved": "https://registry.npmjs.org/hoist-non-react-statics/-/hoist-non-react-statics-2.5.5.tgz",
          "integrity": "sha512-rqcy4pJo55FTTLWt+bU8ukscqHeE/e9KWvsOW2b/a3afxQZhwkQdT1rPPCJ0rYXdj4vNcasY8zHTH+jF/qStxw=="
        }
      }
    },
    "react-is": {
      "version": "16.8.6",
      "resolved": "https://registry.npmjs.org/react-is/-/react-is-16.8.6.tgz",
      "integrity": "sha512-aUk3bHfZ2bRSVFFbbeVS4i+lNPZr3/WM5jT2J5omUVV1zzcs1nAaf3l51ctA5FFvCRbhrH0bdAsRRQddFJZPtA=="
    },
    "react-lifecycles-compat": {
      "version": "3.0.4",
      "resolved": "https://registry.npmjs.org/react-lifecycles-compat/-/react-lifecycles-compat-3.0.4.tgz",
      "integrity": "sha512-fBASbA6LnOU9dOU2eW7aQ8xmYBSXUIWr+UmF9b1efZBazGNO+rcXT/icdKnYm2pTwcRylVUYwW7H1PHfLekVzA=="
    },
    "react-transition-group": {
      "version": "2.9.0",
      "resolved": "https://registry.npmjs.org/react-transition-group/-/react-transition-group-2.9.0.tgz",
      "integrity": "sha512-+HzNTCHpeQyl4MJ/bdE0u6XRMe9+XG/+aL4mCxVN4DnPBQ0/5bfHWPDuOZUzYdMj94daZaZdCCc1Dzt9R/xSSg==",
      "requires": {
        "dom-helpers": "^3.4.0",
        "loose-envify": "^1.4.0",
        "prop-types": "^15.6.2",
        "react-lifecycles-compat": "^3.0.4"
      }
    },
    "recompose": {
      "version": "0.30.0",
      "resolved": "https://registry.npmjs.org/recompose/-/recompose-0.30.0.tgz",
      "integrity": "sha512-ZTrzzUDa9AqUIhRk4KmVFihH0rapdCSMFXjhHbNrjAWxBuUD/guYlyysMnuHjlZC/KRiOKRtB4jf96yYSkKE8w==",
      "requires": {
        "@babel/runtime": "^7.0.0",
        "change-emitter": "^0.1.2",
        "fbjs": "^0.8.1",
        "hoist-non-react-statics": "^2.3.1",
        "react-lifecycles-compat": "^3.0.2",
        "symbol-observable": "^1.0.4"
      },
      "dependencies": {
        "hoist-non-react-statics": {
          "version": "2.5.5",
          "resolved": "https://registry.npmjs.org/hoist-non-react-statics/-/hoist-non-react-statics-2.5.5.tgz",
          "integrity": "sha512-rqcy4pJo55FTTLWt+bU8ukscqHeE/e9KWvsOW2b/a3afxQZhwkQdT1rPPCJ0rYXdj4vNcasY8zHTH+jF/qStxw=="
        }
      }
    },
    "regenerator-runtime": {
      "version": "0.13.2",
      "resolved": "https://registry.npmjs.org/regenerator-runtime/-/regenerator-runtime-0.13.2.tgz",
      "integrity": "sha512-S/TQAZJO+D3m9xeN1WTI8dLKBBiRgXBlTJvbWjCThHWZj9EvHK70Ff50/tYj2J/fvBY6JtFVwRuazHN2E7M9BA=="
    },
    "safer-buffer": {
      "version": "2.1.2",
      "resolved": "https://registry.npmjs.org/safer-buffer/-/safer-buffer-2.1.2.tgz",
      "integrity": "sha512-YZo3K82SD7Riyi0E1EQPojLz7kpepnSQI9IyPbHHg1XXXevb5dJI7tpyN2ADxGcQbHG7vcyRHk0cbwqcQriUtg=="
    },
    "scheduler": {
      "version": "0.13.6",
      "resolved": "https://registry.npmjs.org/scheduler/-/scheduler-0.13.6.tgz",
      "integrity": "sha512-IWnObHt413ucAYKsD9J1QShUKkbKLQQHdxRyw73sw4FN26iWr3DY/H34xGPe4nmL1DwXyWmSWmMrA9TfQbE/XQ==",
      "requires": {
        "loose-envify": "^1.1.0",
        "object-assign": "^4.1.1"
      }
    },
    "setimmediate": {
      "version": "1.0.5",
      "resolved": "https://registry.npmjs.org/setimmediate/-/setimmediate-1.0.5.tgz",
      "integrity": "sha1-KQy7Iy4waULX1+qbg3Mqt4VvgoU="
    },
    "symbol-observable": {
      "version": "1.2.0",
      "resolved": "https://registry.npmjs.org/symbol-observable/-/symbol-observable-1.2.0.tgz",
      "integrity": "sha512-e900nM8RRtGhlV36KGEU9k65K3mPb1WV70OdjfxlG2EAuM1noi/E/BaW/uMhL7bPEssK8QV57vN3esixjUvcXQ=="
    },
    "tiny-warning": {
      "version": "1.0.2",
      "resolved": "https://registry.npmjs.org/tiny-warning/-/tiny-warning-1.0.2.tgz",
      "integrity": "sha512-rru86D9CpQRLvsFG5XFdy0KdLAvjdQDyZCsRcuu60WtzFylDM3eAWSxEVz5kzL2Gp544XiUvPbVKtOA/txLi9Q=="
    },
    "ua-parser-js": {
      "version": "0.7.19",
      "resolved": "https://registry.npmjs.org/ua-parser-js/-/ua-parser-js-0.7.19.tgz",
      "integrity": "sha512-T3PVJ6uz8i0HzPxOF9SWzWAlfN/DavlpQqepn22xgve/5QecC+XMCAtmUNnY7C9StehaV6exjUCI801lOI7QlQ=="
    },
    "warning": {
      "version": "4.0.3",
      "resolved": "https://registry.npmjs.org/warning/-/warning-4.0.3.tgz",
      "integrity": "sha512-rpJyN222KWIvHJ/F53XSZv0Zl/accqHR8et1kpaMTD/fLCRxtV8iX8czMzY7sVZupTI3zcUTg8eycS2kNF9l6w==",
      "requires": {
        "loose-envify": "^1.0.0"
      }
    },
    "whatwg-fetch": {
      "version": "3.0.0",
      "resolved": "https://registry.npmjs.org/whatwg-fetch/-/whatwg-fetch-3.0.0.tgz",
      "integrity": "sha512-9GSJUgz1D4MfyKU7KRqwOjXCXTqWdFNvEr7eUBYchQiVc744mqK/MzXPNR2WsPkmkOa4ywfg8C2n8h+13Bey1Q=="
    }
  }
}
