{
  "name": "@freesewing/css-theme",
  "version": "2.2.0-alpha.2",
  "lockfileVersion": 1,
  "requires": true,
  "dependencies": {
    "open-color": {
      "version": "1.6.3",
      "resolved": "http://ep-foundry.ep.parl.union.eu/npm/repository/ep-registry/open-color/-/open-color-1.6.3.tgz",
      "integrity": "sha512-UAnb19odLDupaVDSioSHZZlWEkJvKHDE7CxB3Zg1vS0FpHAc72AkzfH0wCSwYK5TKg6bjtmFSfmQF9FcjQANZA=="
    }
  }
}
