{
  "name": "@freesewing/core",
  "version": "2.1.8",
  "lockfileVersion": 1,
  "requires": true,
  "dependencies": {
    "bezier-js": {
      "version": "2.4.4",
      "resolved": "https://registry.npmjs.org/bezier-js/-/bezier-js-2.4.4.tgz",
      "integrity": "sha512-qYC9FBubdTK4VZe0m+lS7lEpf87w1fnm6g2m1FKsnlz+wfNnJy3gjQt4Y5nnI1NrjJrnQqnZt3S6Z5qjhloDNA=="
    },
    "bin-pack": {
      "version": "1.0.2",
      "resolved": "https://registry.npmjs.org/bin-pack/-/bin-pack-1.0.2.tgz",
      "integrity": "sha1-wqAU7b8L7XCjKSBi7UZXe5YSBnk="
    },
    "hooks": {
      "version": "0.3.2",
      "resolved": "https://registry.npmjs.org/hooks/-/hooks-0.3.2.tgz",
      "integrity": "sha1-ox8GDCAmzqbPHKPrF4Qw5xjhxKM="
    }
  }
}
