{
  "name": "@freesewing/patterns",
  "version": "0.15.1",
  "lockfileVersion": 1,
  "requires": true,
  "dependencies": {
    "@babel/core": {
      "version": "7.2.2",
      "resolved": "https://registry.npmjs.org/@babel/core/-/core-7.2.2.tgz",
      "integrity": "sha512-59vB0RWt09cAct5EIe58+NzGP4TFSD3Bz//2/ELy3ZeTeKF6VTD1AXlH8BGGbCX0PuobZBsIzO7IAI9PH67eKw==",
      "dev": true,
      "requires": {
        "@babel/code-frame": "^7.0.0",
        "@babel/generator": "^7.2.2",
        "@babel/helpers": "^7.2.0",
        "@babel/parser": "^7.2.2",
        "@babel/template": "^7.2.2",
        "@babel/traverse": "^7.2.2",
        "@babel/types": "^7.2.2",
        "convert-source-map": "^1.1.0",
        "debug": "^4.1.0",
        "json5": "^2.1.0",
        "lodash": "^4.17.10",
        "resolve": "^1.3.2",
        "semver": "^5.4.1",
        "source-map": "^0.5.0"
      },
      "dependencies": {
        "@babel/code-frame": {
          "version": "7.0.0",
          "resolved": "https://registry.npmjs.org/@babel/code-frame/-/code-frame-7.0.0.tgz",
          "integrity": "sha512-OfC2uemaknXr87bdLUkWog7nYuliM9Ij5HUcajsVcMCpQrcLmtxRbVFTIqmcSkSeYRBFBRxs2FiUqFJDLdiebA==",
          "dev": true,
          "requires": {
            "@babel/highlight": "^7.0.0"
          }
        },
        "@babel/generator": {
          "version": "7.3.2",
          "resolved": "https://registry.npmjs.org/@babel/generator/-/generator-7.3.2.tgz",
          "integrity": "sha512-f3QCuPppXxtZOEm5GWPra/uYUjmNQlu9pbAD8D/9jze4pTY83rTtB1igTBSwvkeNlC5gR24zFFkz+2WHLFQhqQ==",
          "dev": true,
          "requires": {
            "@babel/types": "^7.3.2",
            "jsesc": "^2.5.1",
            "lodash": "^4.17.10",
            "source-map": "^0.5.0",
            "trim-right": "^1.0.1"
          }
        },
        "@babel/helper-function-name": {
          "version": "7.1.0",
          "resolved": "https://registry.npmjs.org/@babel/helper-function-name/-/helper-function-name-7.1.0.tgz",
          "integrity": "sha512-A95XEoCpb3TO+KZzJ4S/5uW5fNe26DjBGqf1o9ucyLyCmi1dXq/B3c8iaWTfBk3VvetUxl16e8tIrd5teOCfGw==",
          "dev": true,
          "requires": {
            "@babel/helper-get-function-arity": "^7.0.0",
            "@babel/template": "^7.1.0",
            "@babel/types": "^7.0.0"
          }
        },
        "@babel/helper-get-function-arity": {
          "version": "7.0.0",
          "resolved": "https://registry.npmjs.org/@babel/helper-get-function-arity/-/helper-get-function-arity-7.0.0.tgz",
          "integrity": "sha512-r2DbJeg4svYvt3HOS74U4eWKsUAMRH01Z1ds1zx8KNTPtpTL5JAsdFv8BNyOpVqdFhHkkRDIg5B4AsxmkjAlmQ==",
          "dev": true,
          "requires": {
            "@babel/types": "^7.0.0"
          }
        },
        "@babel/helper-split-export-declaration": {
          "version": "7.0.0",
          "resolved": "https://registry.npmjs.org/@babel/helper-split-export-declaration/-/helper-split-export-declaration-7.0.0.tgz",
          "integrity": "sha512-MXkOJqva62dfC0w85mEf/LucPPS/1+04nmmRMPEBUB++hiiThQ2zPtX/mEWQ3mtzCEjIJvPY8nuwxXtQeQwUag==",
          "dev": true,
          "requires": {
            "@babel/types": "^7.0.0"
          }
        },
        "@babel/highlight": {
          "version": "7.0.0",
          "resolved": "https://registry.npmjs.org/@babel/highlight/-/highlight-7.0.0.tgz",
          "integrity": "sha512-UFMC4ZeFC48Tpvj7C8UgLvtkaUuovQX+5xNWrsIoMG8o2z+XFKjKaN9iVmS84dPwVN00W4wPmqvYoZF3EGAsfw==",
          "dev": true,
          "requires": {
            "chalk": "^2.0.0",
            "esutils": "^2.0.2",
            "js-tokens": "^4.0.0"
          }
        },
        "@babel/parser": {
          "version": "7.3.2",
          "resolved": "https://registry.npmjs.org/@babel/parser/-/parser-7.3.2.tgz",
          "integrity": "sha512-QzNUC2RO1gadg+fs21fi0Uu0OuGNzRKEmgCxoLNzbCdoprLwjfmZwzUrpUNfJPaVRwBpDY47A17yYEGWyRelnQ==",
          "dev": true
        },
        "@babel/template": {
          "version": "7.2.2",
          "resolved": "https://registry.npmjs.org/@babel/template/-/template-7.2.2.tgz",
          "integrity": "sha512-zRL0IMM02AUDwghf5LMSSDEz7sBCO2YnNmpg3uWTZj/v1rcG2BmQUvaGU8GhU8BvfMh1k2KIAYZ7Ji9KXPUg7g==",
          "dev": true,
          "requires": {
            "@babel/code-frame": "^7.0.0",
            "@babel/parser": "^7.2.2",
            "@babel/types": "^7.2.2"
          }
        },
        "@babel/traverse": {
          "version": "7.2.3",
          "resolved": "https://registry.npmjs.org/@babel/traverse/-/traverse-7.2.3.tgz",
          "integrity": "sha512-Z31oUD/fJvEWVR0lNZtfgvVt512ForCTNKYcJBGbPb1QZfve4WGH8Wsy7+Mev33/45fhP/hwQtvgusNdcCMgSw==",
          "dev": true,
          "requires": {
            "@babel/code-frame": "^7.0.0",
            "@babel/generator": "^7.2.2",
            "@babel/helper-function-name": "^7.1.0",
            "@babel/helper-split-export-declaration": "^7.0.0",
            "@babel/parser": "^7.2.3",
            "@babel/types": "^7.2.2",
            "debug": "^4.1.0",
            "globals": "^11.1.0",
            "lodash": "^4.17.10"
          }
        },
        "@babel/types": {
          "version": "7.3.2",
          "resolved": "https://registry.npmjs.org/@babel/types/-/types-7.3.2.tgz",
          "integrity": "sha512-3Y6H8xlUlpbGR+XvawiH0UXehqydTmNmEpozWcXymqwcrwYAl5KMvKtQ+TF6f6E08V6Jur7v/ykdDSF+WDEIXQ==",
          "dev": true,
          "requires": {
            "esutils": "^2.0.2",
            "lodash": "^4.17.10",
            "to-fast-properties": "^2.0.0"
          }
        },
        "debug": {
          "version": "4.1.1",
          "resolved": "https://registry.npmjs.org/debug/-/debug-4.1.1.tgz",
          "integrity": "sha512-pYAIzeRo8J6KPEaJ0VWOh5Pzkbw/RetuzehGM7QRRX5he4fPHx2rdKMB256ehJCkX+XRQm16eZLqLNS8RSZXZw==",
          "dev": true,
          "requires": {
            "ms": "^2.1.1"
          }
        },
        "js-tokens": {
          "version": "4.0.0",
          "resolved": "https://registry.npmjs.org/js-tokens/-/js-tokens-4.0.0.tgz",
          "integrity": "sha512-RdJUflcE3cUzKiMqQgsCu06FPu9UdIJO0beYbPhHN4k6apgJtifcoCtT9bcxOpYBtpD2kCM6Sbzg4CausW/PKQ==",
          "dev": true
        },
        "json5": {
          "version": "2.1.0",
          "resolved": "https://registry.npmjs.org/json5/-/json5-2.1.0.tgz",
          "integrity": "sha512-8Mh9h6xViijj36g7Dxi+Y4S6hNGV96vcJZr/SrlHh1LR/pEn/8j/+qIBbs44YKl69Lrfctp4QD+AdWLTMqEZAQ==",
          "dev": true,
          "requires": {
            "minimist": "^1.2.0"
          }
        },
        "minimist": {
          "version": "1.2.0",
          "resolved": "https://registry.npmjs.org/minimist/-/minimist-1.2.0.tgz",
          "integrity": "sha1-o1AIsg9BOD7sH7kU9M1d95omQoQ=",
          "dev": true
        }
      }
    },
    "@babel/helpers": {
      "version": "7.3.1",
      "resolved": "https://registry.npmjs.org/@babel/helpers/-/helpers-7.3.1.tgz",
      "integrity": "sha512-Q82R3jKsVpUV99mgX50gOPCWwco9Ec5Iln/8Vyu4osNIOQgSrd9RFrQeUvmvddFNoLwMyOUWU+5ckioEKpDoGA==",
      "dev": true,
      "requires": {
        "@babel/template": "^7.1.2",
        "@babel/traverse": "^7.1.5",
        "@babel/types": "^7.3.0"
      },
      "dependencies": {
        "@babel/code-frame": {
          "version": "7.0.0",
          "resolved": "https://registry.npmjs.org/@babel/code-frame/-/code-frame-7.0.0.tgz",
          "integrity": "sha512-OfC2uemaknXr87bdLUkWog7nYuliM9Ij5HUcajsVcMCpQrcLmtxRbVFTIqmcSkSeYRBFBRxs2FiUqFJDLdiebA==",
          "dev": true,
          "requires": {
            "@babel/highlight": "^7.0.0"
          }
        },
        "@babel/generator": {
          "version": "7.3.2",
          "resolved": "https://registry.npmjs.org/@babel/generator/-/generator-7.3.2.tgz",
          "integrity": "sha512-f3QCuPppXxtZOEm5GWPra/uYUjmNQlu9pbAD8D/9jze4pTY83rTtB1igTBSwvkeNlC5gR24zFFkz+2WHLFQhqQ==",
          "dev": true,
          "requires": {
            "@babel/types": "^7.3.2",
            "jsesc": "^2.5.1",
            "lodash": "^4.17.10",
            "source-map": "^0.5.0",
            "trim-right": "^1.0.1"
          }
        },
        "@babel/helper-function-name": {
          "version": "7.1.0",
          "resolved": "https://registry.npmjs.org/@babel/helper-function-name/-/helper-function-name-7.1.0.tgz",
          "integrity": "sha512-A95XEoCpb3TO+KZzJ4S/5uW5fNe26DjBGqf1o9ucyLyCmi1dXq/B3c8iaWTfBk3VvetUxl16e8tIrd5teOCfGw==",
          "dev": true,
          "requires": {
            "@babel/helper-get-function-arity": "^7.0.0",
            "@babel/template": "^7.1.0",
            "@babel/types": "^7.0.0"
          }
        },
        "@babel/helper-get-function-arity": {
          "version": "7.0.0",
          "resolved": "https://registry.npmjs.org/@babel/helper-get-function-arity/-/helper-get-function-arity-7.0.0.tgz",
          "integrity": "sha512-r2DbJeg4svYvt3HOS74U4eWKsUAMRH01Z1ds1zx8KNTPtpTL5JAsdFv8BNyOpVqdFhHkkRDIg5B4AsxmkjAlmQ==",
          "dev": true,
          "requires": {
            "@babel/types": "^7.0.0"
          }
        },
        "@babel/helper-split-export-declaration": {
          "version": "7.0.0",
          "resolved": "https://registry.npmjs.org/@babel/helper-split-export-declaration/-/helper-split-export-declaration-7.0.0.tgz",
          "integrity": "sha512-MXkOJqva62dfC0w85mEf/LucPPS/1+04nmmRMPEBUB++hiiThQ2zPtX/mEWQ3mtzCEjIJvPY8nuwxXtQeQwUag==",
          "dev": true,
          "requires": {
            "@babel/types": "^7.0.0"
          }
        },
        "@babel/highlight": {
          "version": "7.0.0",
          "resolved": "https://registry.npmjs.org/@babel/highlight/-/highlight-7.0.0.tgz",
          "integrity": "sha512-UFMC4ZeFC48Tpvj7C8UgLvtkaUuovQX+5xNWrsIoMG8o2z+XFKjKaN9iVmS84dPwVN00W4wPmqvYoZF3EGAsfw==",
          "dev": true,
          "requires": {
            "chalk": "^2.0.0",
            "esutils": "^2.0.2",
            "js-tokens": "^4.0.0"
          }
        },
        "@babel/parser": {
          "version": "7.3.2",
          "resolved": "https://registry.npmjs.org/@babel/parser/-/parser-7.3.2.tgz",
          "integrity": "sha512-QzNUC2RO1gadg+fs21fi0Uu0OuGNzRKEmgCxoLNzbCdoprLwjfmZwzUrpUNfJPaVRwBpDY47A17yYEGWyRelnQ==",
          "dev": true
        },
        "@babel/template": {
          "version": "7.2.2",
          "resolved": "https://registry.npmjs.org/@babel/template/-/template-7.2.2.tgz",
          "integrity": "sha512-zRL0IMM02AUDwghf5LMSSDEz7sBCO2YnNmpg3uWTZj/v1rcG2BmQUvaGU8GhU8BvfMh1k2KIAYZ7Ji9KXPUg7g==",
          "dev": true,
          "requires": {
            "@babel/code-frame": "^7.0.0",
            "@babel/parser": "^7.2.2",
            "@babel/types": "^7.2.2"
          }
        },
        "@babel/traverse": {
          "version": "7.2.3",
          "resolved": "https://registry.npmjs.org/@babel/traverse/-/traverse-7.2.3.tgz",
          "integrity": "sha512-Z31oUD/fJvEWVR0lNZtfgvVt512ForCTNKYcJBGbPb1QZfve4WGH8Wsy7+Mev33/45fhP/hwQtvgusNdcCMgSw==",
          "dev": true,
          "requires": {
            "@babel/code-frame": "^7.0.0",
            "@babel/generator": "^7.2.2",
            "@babel/helper-function-name": "^7.1.0",
            "@babel/helper-split-export-declaration": "^7.0.0",
            "@babel/parser": "^7.2.3",
            "@babel/types": "^7.2.2",
            "debug": "^4.1.0",
            "globals": "^11.1.0",
            "lodash": "^4.17.10"
          }
        },
        "@babel/types": {
          "version": "7.3.2",
          "resolved": "https://registry.npmjs.org/@babel/types/-/types-7.3.2.tgz",
          "integrity": "sha512-3Y6H8xlUlpbGR+XvawiH0UXehqydTmNmEpozWcXymqwcrwYAl5KMvKtQ+TF6f6E08V6Jur7v/ykdDSF+WDEIXQ==",
          "dev": true,
          "requires": {
            "esutils": "^2.0.2",
            "lodash": "^4.17.10",
            "to-fast-properties": "^2.0.0"
          }
        },
        "debug": {
          "version": "4.1.1",
          "resolved": "https://registry.npmjs.org/debug/-/debug-4.1.1.tgz",
          "integrity": "sha512-pYAIzeRo8J6KPEaJ0VWOh5Pzkbw/RetuzehGM7QRRX5he4fPHx2rdKMB256ehJCkX+XRQm16eZLqLNS8RSZXZw==",
          "dev": true,
          "requires": {
            "ms": "^2.1.1"
          }
        },
        "js-tokens": {
          "version": "4.0.0",
          "resolved": "https://registry.npmjs.org/js-tokens/-/js-tokens-4.0.0.tgz",
          "integrity": "sha512-RdJUflcE3cUzKiMqQgsCu06FPu9UdIJO0beYbPhHN4k6apgJtifcoCtT9bcxOpYBtpD2kCM6Sbzg4CausW/PKQ==",
          "dev": true
        }
      }
    },
    "@freesewing/aaron": {
      "version": "0.12.7",
      "resolved": "https://registry.npmjs.org/@freesewing/aaron/-/aaron-0.12.7.tgz",
      "integrity": "sha512-pqMxixIoK5NeSux2wjgj+xnL7gAtuE8hloDa5fQro64ZxjiHeg+y51wMURwPem5nzzgqBlH8KdLhfZuHv3gHiQ==",
      "requires": {
        "@freesewing/brian": "^0.22.15",
        "@freesewing/plugin-bundle": "^0.7.3",
        "freesewing": "^0.30.5"
      },
      "dependencies": {
        "@freesewing/plugin-bundle": {
          "version": "0.7.3",
          "resolved": "https://registry.npmjs.org/@freesewing/plugin-bundle/-/plugin-bundle-0.7.3.tgz",
          "integrity": "sha512-JBFWJtODp+CcmKQxKL54jfCeRgY+uujFgQHnmSFg7YiYRCrR0/ryLpFyUG+EVFf4X6e9Z4LMaGLhalKReOzOvw==",
          "requires": {
            "@freesewing/plugin-cutonfold": "0.10.4",
            "@freesewing/plugin-dimension": "0.7.3",
            "@freesewing/plugin-grainline": "0.2.2",
            "@freesewing/plugin-logo": "0.5.2",
            "@freesewing/plugin-round": "0.2.0",
            "@freesewing/plugin-scalebox": "0.3.1",
            "@freesewing/plugin-sprinkle": "0.1.0",
            "@freesewing/plugin-title": "0.10.0"
          }
        }
      }
    },
    "@freesewing/antman": {
      "version": "0.3.0",
      "resolved": "https://registry.npmjs.org/@freesewing/antman/-/antman-0.3.0.tgz",
      "integrity": "sha512-0IggXcT1E0pBKpOZubrnaF1efYiu4MdfFb5XoIoVHDYGE552xbL/NUrOfKj8GrmLlGnzVMw3CDBKTi/OCXnoVw==",
      "dev": true
    },
    "@freesewing/bent": {
      "version": "0.1.1",
      "resolved": "https://registry.npmjs.org/@freesewing/bent/-/bent-0.1.1.tgz",
      "integrity": "sha512-Jkls685GTzlNi/6pph3CkasDSw3pZh78WsgxEhpH2q0GrsBCtjwI5FOHPTEVrVVpviBWlIo6S33P8GJ2FHwkSg==",
      "requires": {
        "@freesewing/brian": "^0.22.15",
        "@freesewing/plugin-bundle": "^0.7.3",
        "freesewing": "^0.30.5"
      },
      "dependencies": {
        "@freesewing/plugin-bundle": {
          "version": "0.7.3",
          "resolved": "https://registry.npmjs.org/@freesewing/plugin-bundle/-/plugin-bundle-0.7.3.tgz",
          "integrity": "sha512-JBFWJtODp+CcmKQxKL54jfCeRgY+uujFgQHnmSFg7YiYRCrR0/ryLpFyUG+EVFf4X6e9Z4LMaGLhalKReOzOvw==",
          "requires": {
            "@freesewing/plugin-cutonfold": "0.10.4",
            "@freesewing/plugin-dimension": "0.7.3",
            "@freesewing/plugin-grainline": "0.2.2",
            "@freesewing/plugin-logo": "0.5.2",
            "@freesewing/plugin-round": "0.2.0",
            "@freesewing/plugin-scalebox": "0.3.1",
            "@freesewing/plugin-sprinkle": "0.1.0",
            "@freesewing/plugin-title": "0.10.0"
          }
        }
      }
    },
    "@freesewing/brian": {
      "version": "0.22.15",
      "resolved": "https://registry.npmjs.org/@freesewing/brian/-/brian-0.22.15.tgz",
      "integrity": "sha512-4gO2y4VoH3IRL8yKQD2T/6xF1bvgOYbo0rrkaJbGC/hG6pHfzk9M15Zjx+hDtXgadzoj7MP10FasrMBswU+IXw==",
      "requires": {
        "@freesewing/plugin-bundle": "^0.7.3",
        "freesewing": "^0.30.5"
      },
      "dependencies": {
        "@freesewing/plugin-bundle": {
          "version": "0.7.3",
          "resolved": "https://registry.npmjs.org/@freesewing/plugin-bundle/-/plugin-bundle-0.7.3.tgz",
          "integrity": "sha512-JBFWJtODp+CcmKQxKL54jfCeRgY+uujFgQHnmSFg7YiYRCrR0/ryLpFyUG+EVFf4X6e9Z4LMaGLhalKReOzOvw==",
          "requires": {
            "@freesewing/plugin-cutonfold": "0.10.4",
            "@freesewing/plugin-dimension": "0.7.3",
            "@freesewing/plugin-grainline": "0.2.2",
            "@freesewing/plugin-logo": "0.5.2",
            "@freesewing/plugin-round": "0.2.0",
            "@freesewing/plugin-scalebox": "0.3.1",
            "@freesewing/plugin-sprinkle": "0.1.0",
            "@freesewing/plugin-title": "0.10.0"
          }
        }
      }
    },
    "@freesewing/bruce": {
      "version": "0.6.5",
      "resolved": "https://registry.npmjs.org/@freesewing/bruce/-/bruce-0.6.5.tgz",
      "integrity": "sha512-71nK3n6TeDz+JzlOSb0ATAr5EtOvENRjYoCPkx7xiSM+1KKRsEkVTCiZu9pBJ31xHMb1MrOWYTLuvrKnmR9HsQ==",
      "requires": {
        "@freesewing/plugin-bundle": "^0.7.3",
        "freesewing": "^0.30.5"
      },
      "dependencies": {
        "@freesewing/plugin-bundle": {
          "version": "0.7.3",
          "resolved": "https://registry.npmjs.org/@freesewing/plugin-bundle/-/plugin-bundle-0.7.3.tgz",
          "integrity": "sha512-JBFWJtODp+CcmKQxKL54jfCeRgY+uujFgQHnmSFg7YiYRCrR0/ryLpFyUG+EVFf4X6e9Z4LMaGLhalKReOzOvw==",
          "requires": {
            "@freesewing/plugin-cutonfold": "0.10.4",
            "@freesewing/plugin-dimension": "0.7.3",
            "@freesewing/plugin-grainline": "0.2.2",
            "@freesewing/plugin-logo": "0.5.2",
            "@freesewing/plugin-round": "0.2.0",
            "@freesewing/plugin-scalebox": "0.3.1",
            "@freesewing/plugin-sprinkle": "0.1.0",
            "@freesewing/plugin-title": "0.10.0"
          }
        }
      }
    },
    "@freesewing/cathrin": {
      "version": "0.5.5",
      "resolved": "https://registry.npmjs.org/@freesewing/cathrin/-/cathrin-0.5.5.tgz",
      "integrity": "sha512-in0waJQb9h2evBreJb0Msym7yBrJhFIWDxpwkNPnTkVnET6RbqwgBkun713K4G2VUdF+aiQBr9FxVAFYb6Z49A==",
      "requires": {
        "@freesewing/plugin-bundle": "^0.7.3",
        "freesewing": "^0.30.5"
      },
      "dependencies": {
        "@freesewing/plugin-bundle": {
          "version": "0.7.3",
          "resolved": "https://registry.npmjs.org/@freesewing/plugin-bundle/-/plugin-bundle-0.7.3.tgz",
          "integrity": "sha512-JBFWJtODp+CcmKQxKL54jfCeRgY+uujFgQHnmSFg7YiYRCrR0/ryLpFyUG+EVFf4X6e9Z4LMaGLhalKReOzOvw==",
          "requires": {
            "@freesewing/plugin-cutonfold": "0.10.4",
            "@freesewing/plugin-dimension": "0.7.3",
            "@freesewing/plugin-grainline": "0.2.2",
            "@freesewing/plugin-logo": "0.5.2",
            "@freesewing/plugin-round": "0.2.0",
            "@freesewing/plugin-scalebox": "0.3.1",
            "@freesewing/plugin-sprinkle": "0.1.0",
            "@freesewing/plugin-title": "0.10.0"
          }
        }
      }
    },
    "@freesewing/examples": {
      "version": "0.7.7",
      "resolved": "https://registry.npmjs.org/@freesewing/examples/-/examples-0.7.7.tgz",
      "integrity": "sha512-K/+1+2zZU/S4OyEDUwvVcBd7bmd+Z6w7bC5KwiXypZXaBA5ZPL+OVXDi+DbBhLcLP3wbKxfmIL3cGkr1S75CFA==",
      "requires": {
        "@freesewing/plugin-bundle": "^0.7.3",
        "freesewing": "^0.30.5"
      },
      "dependencies": {
        "@freesewing/plugin-bundle": {
          "version": "0.7.3",
          "resolved": "https://registry.npmjs.org/@freesewing/plugin-bundle/-/plugin-bundle-0.7.3.tgz",
          "integrity": "sha512-JBFWJtODp+CcmKQxKL54jfCeRgY+uujFgQHnmSFg7YiYRCrR0/ryLpFyUG+EVFf4X6e9Z4LMaGLhalKReOzOvw==",
          "requires": {
            "@freesewing/plugin-cutonfold": "0.10.4",
            "@freesewing/plugin-dimension": "0.7.3",
            "@freesewing/plugin-grainline": "0.2.2",
            "@freesewing/plugin-logo": "0.5.2",
            "@freesewing/plugin-round": "0.2.0",
            "@freesewing/plugin-scalebox": "0.3.1",
            "@freesewing/plugin-sprinkle": "0.1.0",
            "@freesewing/plugin-title": "0.10.0"
          }
        }
      }
    },
    "@freesewing/hugo": {
      "version": "0.5.5",
      "resolved": "https://registry.npmjs.org/@freesewing/hugo/-/hugo-0.5.5.tgz",
      "integrity": "sha512-R0aUSAqAxJEP5ye6Amvtzy7AybnPf81VwynA54Ed77LlYSDAaB+xe1vd7RK3B4iy8ytTdrb1nNxxu969/MLzQg==",
      "requires": {
        "@freesewing/brian": "^0.22.15",
        "@freesewing/plugin-bundle": "^0.7.3",
        "freesewing": "^0.30.5"
      },
      "dependencies": {
        "@freesewing/plugin-bundle": {
          "version": "0.7.3",
          "resolved": "https://registry.npmjs.org/@freesewing/plugin-bundle/-/plugin-bundle-0.7.3.tgz",
          "integrity": "sha512-JBFWJtODp+CcmKQxKL54jfCeRgY+uujFgQHnmSFg7YiYRCrR0/ryLpFyUG+EVFf4X6e9Z4LMaGLhalKReOzOvw==",
          "requires": {
            "@freesewing/plugin-cutonfold": "0.10.4",
            "@freesewing/plugin-dimension": "0.7.3",
            "@freesewing/plugin-grainline": "0.2.2",
            "@freesewing/plugin-logo": "0.5.2",
            "@freesewing/plugin-round": "0.2.0",
            "@freesewing/plugin-scalebox": "0.3.1",
            "@freesewing/plugin-sprinkle": "0.1.0",
            "@freesewing/plugin-title": "0.10.0"
          }
        }
      }
    },
    "@freesewing/models": {
      "version": "0.7.1",
      "resolved": "https://registry.npmjs.org/@freesewing/models/-/models-0.7.1.tgz",
      "integrity": "sha512-zpjPcF7rIfXcaldGHpzUi1gr2s062yMZE2ke7h2APDzD1KT9s0h1rcvbcSbOYXp4EZeY27Svrk5i2eg2B2MINA==",
      "dev": true
    },
    "@freesewing/plugin-banner": {
      "version": "0.2.0",
      "resolved": "https://registry.npmjs.org/@freesewing/plugin-banner/-/plugin-banner-0.2.0.tgz",
      "integrity": "sha512-URf6rpXtq9woxu8/NRlTsCDU/CxAY2wm92lBqVkqvMIzQRx1BDPnowXe/F5QnT6hfh/HIKUaAyA9AYlyia8nTA=="
    },
    "@freesewing/plugin-buttons": {
      "version": "0.1.0",
      "resolved": "https://registry.npmjs.org/@freesewing/plugin-buttons/-/plugin-buttons-0.1.0.tgz",
      "integrity": "sha512-X3C4duwnx0CT9Q6zUfPeErlz4A1nJMdTLJ/smhtkfjOK9G81hsKkyRO8JIGb7vHcz9McMD5yq3xbsBxVAvGyLw=="
    },
    "@freesewing/plugin-cutonfold": {
      "version": "0.10.4",
      "resolved": "https://registry.npmjs.org/@freesewing/plugin-cutonfold/-/plugin-cutonfold-0.10.4.tgz",
      "integrity": "sha512-MTQ3LIJsuh2JdbEOzC9/w0n6AMNhN45aOYhp7iHKb/PUGy25L1iINYOuuzljLHTqYAgYIoFuCeVf9tw78hnzKA=="
    },
    "@freesewing/plugin-dimension": {
      "version": "0.7.3",
      "resolved": "https://registry.npmjs.org/@freesewing/plugin-dimension/-/plugin-dimension-0.7.3.tgz",
      "integrity": "sha512-F0x+zARVNd2l3IX/sK0UmH2+Y/Mw2rKwZD8eLKWBfq0zCaC3WGHmd4TzlnE0oxQpiDejAYbsliFGm0vLPQyVMg=="
    },
    "@freesewing/plugin-flip": {
      "version": "0.1.1",
      "resolved": "https://registry.npmjs.org/@freesewing/plugin-flip/-/plugin-flip-0.1.1.tgz",
      "integrity": "sha512-0LmoacN7SYQOiAI/D5PG/HQP2mAZaXVgET9+n7wRNCMLLwKQOK5OP87K9vppPmSurfly5Pcnhs0sXj/sLNMTxQ=="
    },
    "@freesewing/plugin-grainline": {
      "version": "0.2.2",
      "resolved": "https://registry.npmjs.org/@freesewing/plugin-grainline/-/plugin-grainline-0.2.2.tgz",
      "integrity": "sha512-VN9Qks1vL8MswqwiqOAtSguKyXjaVI258xqTA/9t76NYJsidm2HxRQxUnxcA+xg5MzOahSSRtVAWdXuAwV31ig=="
    },
    "@freesewing/plugin-logo": {
      "version": "0.5.2",
      "resolved": "https://registry.npmjs.org/@freesewing/plugin-logo/-/plugin-logo-0.5.2.tgz",
      "integrity": "sha512-g+lk/nBYxnzs7hQYUdQ/YDPJCUmUeZcNdk0+xUWoADdoZY95NwrXVxfNz/O2wI9kRCgFpFojgT0dD2HKtkv0/w=="
    },
    "@freesewing/plugin-round": {
      "version": "0.2.0",
      "resolved": "https://registry.npmjs.org/@freesewing/plugin-round/-/plugin-round-0.2.0.tgz",
      "integrity": "sha512-uzAxICxNHQ0rtS4W07mhQQ0qcm4nHWNUzkInK/322k7BCYYb/v8tsC2EW9PISCvHZqUEhlDBR+vXPsusNSRNhA=="
    },
    "@freesewing/plugin-scalebox": {
      "version": "0.3.1",
      "resolved": "https://registry.npmjs.org/@freesewing/plugin-scalebox/-/plugin-scalebox-0.3.1.tgz",
      "integrity": "sha512-iZwWVQdLGs/cPVZl4ZyBMzNrIUzDRWyhScBg9D62UGuBIPdGFmA1fDEgZ+5hDJ9UuxR65/Ue1emJlOlP2ZwOtw=="
    },
    "@freesewing/plugin-sprinkle": {
      "version": "0.1.0",
      "resolved": "https://registry.npmjs.org/@freesewing/plugin-sprinkle/-/plugin-sprinkle-0.1.0.tgz",
      "integrity": "sha512-u/tm8sgW5h2RlvGPhyCG4KUb1GhTMwuTkOotgdsevZr9fx3aApDUmZhe2mfmJhvKvgQGaa6IOQJ69OJ402oOCg=="
    },
    "@freesewing/plugin-title": {
      "version": "0.10.0",
      "resolved": "https://registry.npmjs.org/@freesewing/plugin-title/-/plugin-title-0.10.0.tgz",
      "integrity": "sha512-UZYge58Cofpgjx7ODhdszTKYRURjVtP2YIkOsUR3/kzicVpAw/wuoFX9n85y9IGG+k9ImIX7/7F4AtqlhNItnQ=="
    },
    "@freesewing/simon": {
      "version": "0.4.5",
      "resolved": "https://registry.npmjs.org/@freesewing/simon/-/simon-0.4.5.tgz",
      "integrity": "sha512-QMsVrXkNUV3J/xSbHyFTIDklDGoYIjgbqnvHAetPrTgPsRY1kBYxQQFvSRiBMBGVVXnA5gqMb0GRWJfWHqDcBg==",
      "requires": {
        "@freesewing/brian": "^0.22.13",
        "@freesewing/plugin-banner": "^0.2.0",
        "@freesewing/plugin-bundle": "^0.7.3",
        "@freesewing/plugin-buttons": "^0.1.0",
        "@freesewing/plugin-flip": "^0.1.1",
        "freesewing": "^0.30.5"
      },
      "dependencies": {
        "@freesewing/plugin-bundle": {
          "version": "0.7.3",
          "resolved": "https://registry.npmjs.org/@freesewing/plugin-bundle/-/plugin-bundle-0.7.3.tgz",
          "integrity": "sha512-JBFWJtODp+CcmKQxKL54jfCeRgY+uujFgQHnmSFg7YiYRCrR0/ryLpFyUG+EVFf4X6e9Z4LMaGLhalKReOzOvw==",
          "requires": {
            "@freesewing/plugin-cutonfold": "0.10.4",
            "@freesewing/plugin-dimension": "0.7.3",
            "@freesewing/plugin-grainline": "0.2.2",
            "@freesewing/plugin-logo": "0.5.2",
            "@freesewing/plugin-round": "0.2.0",
            "@freesewing/plugin-scalebox": "0.3.1",
            "@freesewing/plugin-sprinkle": "0.1.0",
            "@freesewing/plugin-title": "0.10.0"
          }
        }
      }
    },
    "@freesewing/sven": {
      "version": "0.2.5",
      "resolved": "https://registry.npmjs.org/@freesewing/sven/-/sven-0.2.5.tgz",
      "integrity": "sha512-GkiULXPu0pPBByZpTrLHQQOZZ8VseH926GPthvDE0C3ic+m5fIx2RhWBNBJxjudsWY4793oRVXJrKKyUDP8m/g==",
      "requires": {
        "@freesewing/brian": "^0.22.15",
        "@freesewing/plugin-bundle": "^0.7.3",
        "freesewing": "^0.30.5"
      },
      "dependencies": {
        "@freesewing/plugin-bundle": {
          "version": "0.7.3",
          "resolved": "https://registry.npmjs.org/@freesewing/plugin-bundle/-/plugin-bundle-0.7.3.tgz",
          "integrity": "sha512-JBFWJtODp+CcmKQxKL54jfCeRgY+uujFgQHnmSFg7YiYRCrR0/ryLpFyUG+EVFf4X6e9Z4LMaGLhalKReOzOvw==",
          "requires": {
            "@freesewing/plugin-cutonfold": "0.10.4",
            "@freesewing/plugin-dimension": "0.7.3",
            "@freesewing/plugin-grainline": "0.2.2",
            "@freesewing/plugin-logo": "0.5.2",
            "@freesewing/plugin-round": "0.2.0",
            "@freesewing/plugin-scalebox": "0.3.1",
            "@freesewing/plugin-sprinkle": "0.1.0",
            "@freesewing/plugin-title": "0.10.0"
          }
        }
      }
    },
    "@freesewing/tamiko": {
      "version": "0.2.4",
      "resolved": "https://registry.npmjs.org/@freesewing/tamiko/-/tamiko-0.2.4.tgz",
      "integrity": "sha512-6qa/Eep/2DjSERjUpl6NtER7mQJEC03qu3qTRWclBR4vV0q7W0iiaLM8ACnmE0k9XfDrJJSeEtwrzeD/CgwM4Q==",
      "requires": {
        "@freesewing/plugin-bundle": "^0.7.3",
        "freesewing": "^0.30.5"
      },
      "dependencies": {
        "@freesewing/plugin-bundle": {
          "version": "0.7.3",
          "resolved": "https://registry.npmjs.org/@freesewing/plugin-bundle/-/plugin-bundle-0.7.3.tgz",
          "integrity": "sha512-JBFWJtODp+CcmKQxKL54jfCeRgY+uujFgQHnmSFg7YiYRCrR0/ryLpFyUG+EVFf4X6e9Z4LMaGLhalKReOzOvw==",
          "requires": {
            "@freesewing/plugin-cutonfold": "0.10.4",
            "@freesewing/plugin-dimension": "0.7.3",
            "@freesewing/plugin-grainline": "0.2.2",
            "@freesewing/plugin-logo": "0.5.2",
            "@freesewing/plugin-round": "0.2.0",
            "@freesewing/plugin-scalebox": "0.3.1",
            "@freesewing/plugin-sprinkle": "0.1.0",
            "@freesewing/plugin-title": "0.10.0"
          }
        }
      }
    },
    "@freesewing/trayvon": {
      "version": "0.1.4",
      "resolved": "https://registry.npmjs.org/@freesewing/trayvon/-/trayvon-0.1.4.tgz",
      "integrity": "sha512-ivuFMuNhNnVNNWtsnWv//YraUnjxA9ivI/WrGwat+Fz2s+uPgrle1my66BrFB4DnUnD5Wok3WVQi4SWx53i2Lw==",
      "requires": {
        "@freesewing/plugin-bundle": "^0.7.3",
        "freesewing": "^0.30.5"
      },
      "dependencies": {
        "@freesewing/plugin-bundle": {
          "version": "0.7.3",
          "resolved": "https://registry.npmjs.org/@freesewing/plugin-bundle/-/plugin-bundle-0.7.3.tgz",
          "integrity": "sha512-JBFWJtODp+CcmKQxKL54jfCeRgY+uujFgQHnmSFg7YiYRCrR0/ryLpFyUG+EVFf4X6e9Z4LMaGLhalKReOzOvw==",
          "requires": {
            "@freesewing/plugin-cutonfold": "0.10.4",
            "@freesewing/plugin-dimension": "0.7.3",
            "@freesewing/plugin-grainline": "0.2.2",
            "@freesewing/plugin-logo": "0.5.2",
            "@freesewing/plugin-round": "0.2.0",
            "@freesewing/plugin-scalebox": "0.3.1",
            "@freesewing/plugin-sprinkle": "0.1.0",
            "@freesewing/plugin-title": "0.10.0"
          }
        }
      }
    },
    "@freesewing/wahid": {
      "version": "0.1.2",
      "resolved": "https://registry.npmjs.org/@freesewing/wahid/-/wahid-0.1.2.tgz",
      "integrity": "sha512-Jld5eWXj8uDAkztTPGOh+bKxwcrD2i5FlCT+oiLgOIPG+rfoTUnjL/NBZeSFuByK1gh/WnFDNRvHTwS0LiSFoA==",
      "requires": {
        "@freesewing/brian": "^0.22.15",
        "@freesewing/plugin-bundle": "^0.7.3",
        "@freesewing/plugin-buttons": "^0.1.0",
        "@freesewing/plugin-round": "^0.2.0",
        "freesewing": "^0.30.5"
      },
      "dependencies": {
        "@freesewing/plugin-bundle": {
          "version": "0.7.3",
          "resolved": "https://registry.npmjs.org/@freesewing/plugin-bundle/-/plugin-bundle-0.7.3.tgz",
          "integrity": "sha512-JBFWJtODp+CcmKQxKL54jfCeRgY+uujFgQHnmSFg7YiYRCrR0/ryLpFyUG+EVFf4X6e9Z4LMaGLhalKReOzOvw==",
          "requires": {
            "@freesewing/plugin-cutonfold": "0.10.4",
            "@freesewing/plugin-dimension": "0.7.3",
            "@freesewing/plugin-grainline": "0.2.2",
            "@freesewing/plugin-logo": "0.5.2",
            "@freesewing/plugin-round": "0.2.0",
            "@freesewing/plugin-scalebox": "0.3.1",
            "@freesewing/plugin-sprinkle": "0.1.0",
            "@freesewing/plugin-title": "0.10.0"
          }
        },
        "@freesewing/plugin-round": {
          "version": "0.2.0",
          "resolved": "https://registry.npmjs.org/@freesewing/plugin-round/-/plugin-round-0.2.0.tgz",
          "integrity": "sha512-uzAxICxNHQ0rtS4W07mhQQ0qcm4nHWNUzkInK/322k7BCYYb/v8tsC2EW9PISCvHZqUEhlDBR+vXPsusNSRNhA=="
        }
      }
    },
    "ansi-styles": {
      "version": "3.2.1",
      "resolved": "https://registry.npmjs.org/ansi-styles/-/ansi-styles-3.2.1.tgz",
      "integrity": "sha512-VT0ZI6kZRdTh8YyJw3SMbYm/u+NqfsAxEpWO0Pf9sq8/e94WxxOpPKx9FR1FlyCtOVDNOQ+8ntlqFxiRc+r5qA==",
      "dev": true,
      "requires": {
        "color-convert": "^1.9.0"
      }
    },
    "bezier-js": {
      "version": "2.3.2",
      "resolved": "https://registry.npmjs.org/bezier-js/-/bezier-js-2.3.2.tgz",
      "integrity": "sha512-+G6FB5YuicjLvYP2ZPrzGs1vXjkO6uONehOkjvIvoueIeyPxMWjgSS8DX+OYsx8xzrDDi56v2CqAxHU/NTu3LQ=="
    },
    "bin-pack": {
      "version": "1.0.2",
      "resolved": "https://registry.npmjs.org/bin-pack/-/bin-pack-1.0.2.tgz",
      "integrity": "sha1-wqAU7b8L7XCjKSBi7UZXe5YSBnk="
    },
    "chalk": {
      "version": "2.4.1",
      "resolved": "https://registry.npmjs.org/chalk/-/chalk-2.4.1.tgz",
      "integrity": "sha512-ObN6h1v2fTJSmUXoS3nMQ92LbDK9be4TV+6G+omQlGJFdcUX5heKi1LZ1YnRMIgwTLEj3E24bT6tYni50rlCfQ==",
      "dev": true,
      "requires": {
        "ansi-styles": "^3.2.1",
        "escape-string-regexp": "^1.0.5",
        "supports-color": "^5.3.0"
      }
    },
    "color-convert": {
      "version": "1.9.3",
      "resolved": "https://registry.npmjs.org/color-convert/-/color-convert-1.9.3.tgz",
      "integrity": "sha512-QfAUtd+vFdAtFQcC8CCyYt1fYWxSqAiK2cSD6zDB8N3cpsEBAvRxp9zOGg6G/SHHJYAT88/az/IuDGALsNVbGg==",
      "dev": true,
      "requires": {
        "color-name": "1.1.3"
      }
    },
    "color-name": {
      "version": "1.1.3",
      "resolved": "https://registry.npmjs.org/color-name/-/color-name-1.1.3.tgz",
      "integrity": "sha1-p9BVi9icQveV3UIyj3QIMcpTvCU=",
      "dev": true
    },
    "convert-source-map": {
      "version": "1.6.0",
      "resolved": "https://registry.npmjs.org/convert-source-map/-/convert-source-map-1.6.0.tgz",
      "integrity": "sha512-eFu7XigvxdZ1ETfbgPBohgyQ/Z++C0eEhTor0qRwBw9unw+L0/6V8wkSuGgzdThkiS5lSpdptOQPD8Ak40a+7A==",
      "dev": true,
      "requires": {
        "safe-buffer": "~5.1.1"
      }
    },
    "escape-string-regexp": {
      "version": "1.0.5",
      "resolved": "https://registry.npmjs.org/escape-string-regexp/-/escape-string-regexp-1.0.5.tgz",
      "integrity": "sha1-G2HAViGQqN/2rjuyzwIAyhMLhtQ=",
      "dev": true
    },
    "esutils": {
      "version": "2.0.2",
      "resolved": "https://registry.npmjs.org/esutils/-/esutils-2.0.2.tgz",
      "integrity": "sha1-Cr9PHKpbyx96nYrMbepPqqBLrJs=",
      "dev": true
    },
    "freesewing": {
      "version": "0.30.5",
      "resolved": "https://registry.npmjs.org/freesewing/-/freesewing-0.30.5.tgz",
      "integrity": "sha512-rxUMDfVUTsX6c3SiVvchEYbJdvi8WBN3pkjnT0B9fXMClohwSsda60yk2lzAYVch6CJbnD6xZ4AZpU0XUyBNOw==",
      "requires": {
        "bezier-js": "2.3.2",
        "bin-pack": "1.0.2"
      }
    },
    "globals": {
      "version": "11.9.0",
      "resolved": "https://registry.npmjs.org/globals/-/globals-11.9.0.tgz",
      "integrity": "sha512-5cJVtyXWH8PiJPVLZzzoIizXx944O4OmRro5MWKx5fT4MgcN7OfaMutPeaTdJCCURwbWdhhcCWcKIffPnmTzBg==",
      "dev": true
    },
    "has-flag": {
      "version": "3.0.0",
      "resolved": "https://registry.npmjs.org/has-flag/-/has-flag-3.0.0.tgz",
      "integrity": "sha1-tdRU3CGZriJWmfNGfloH87lVuv0=",
      "dev": true
    },
    "jsesc": {
      "version": "2.5.2",
      "resolved": "https://registry.npmjs.org/jsesc/-/jsesc-2.5.2.tgz",
      "integrity": "sha512-OYu7XEzjkCQ3C5Ps3QIZsQfNpqoJyZZA99wd9aWd05NCtC5pWOkShK2mkL6HXQR6/Cy2lbNdPlZBpuQHXE63gA==",
      "dev": true
    },
    "lodash": {
      "version": "4.17.11",
      "resolved": "https://registry.npmjs.org/lodash/-/lodash-4.17.11.tgz",
      "integrity": "sha512-cQKh8igo5QUhZ7lg38DYWAxMvjSAKG0A8wGSVimP07SIUEK2UO+arSRKbRZWtelMtN5V0Hkwh5ryOto/SshYIg==",
      "dev": true
    },
    "ms": {
      "version": "2.1.1",
      "resolved": "https://registry.npmjs.org/ms/-/ms-2.1.1.tgz",
      "integrity": "sha512-tgp+dl5cGk28utYktBsrFqA7HKgrhgPsg6Z/EfhWI4gl1Hwq8B/GmY/0oXZ6nF8hDVesS/FpnYaD/kOWhYQvyg==",
      "dev": true
    },
    "path-parse": {
      "version": "1.0.6",
      "resolved": "https://registry.npmjs.org/path-parse/-/path-parse-1.0.6.tgz",
      "integrity": "sha512-GSmOT2EbHrINBf9SR7CDELwlJ8AENk3Qn7OikK4nFYAu3Ote2+JYNVvkpAEQm3/TLNEJFD/xZJjzyxg3KBWOzw==",
      "dev": true
    },
    "resolve": {
      "version": "1.10.0",
      "resolved": "https://registry.npmjs.org/resolve/-/resolve-1.10.0.tgz",
      "integrity": "sha512-3sUr9aq5OfSg2S9pNtPA9hL1FVEAjvfOC4leW0SNf/mpnaakz2a9femSd6LqAww2RaFctwyf1lCqnTHuF1rxDg==",
      "dev": true,
      "requires": {
        "path-parse": "^1.0.6"
      }
    },
    "safe-buffer": {
      "version": "5.1.2",
      "resolved": "https://registry.npmjs.org/safe-buffer/-/safe-buffer-5.1.2.tgz",
      "integrity": "sha512-Gd2UZBJDkXlY7GbJxfsE8/nvKkUEU1G38c1siN6QP6a9PT9MmHB8GnpscSmMJSoF8LOIrt8ud/wPtojys4G6+g==",
      "dev": true
    },
    "semver": {
      "version": "5.6.0",
      "resolved": "https://registry.npmjs.org/semver/-/semver-5.6.0.tgz",
      "integrity": "sha512-RS9R6R35NYgQn++fkDWaOmqGoj4Ek9gGs+DPxNUZKuwE183xjJroKvyo1IzVFeXvUrvmALy6FWD5xrdJT25gMg==",
      "dev": true
    },
    "source-map": {
      "version": "0.5.7",
      "resolved": "https://registry.npmjs.org/source-map/-/source-map-0.5.7.tgz",
      "integrity": "sha1-igOdLRAh0i0eoUyA2OpGi6LvP8w=",
      "dev": true
    },
    "supports-color": {
      "version": "5.5.0",
      "resolved": "https://registry.npmjs.org/supports-color/-/supports-color-5.5.0.tgz",
      "integrity": "sha512-QjVjwdXIt408MIiAqCX4oUKsgU2EqAGzs2Ppkm4aQYbjm+ZEWEcW4SfFNTr4uMNZma0ey4f5lgLrkB0aX0QMow==",
      "dev": true,
      "requires": {
        "has-flag": "^3.0.0"
      }
    },
    "to-fast-properties": {
      "version": "2.0.0",
      "resolved": "https://registry.npmjs.org/to-fast-properties/-/to-fast-properties-2.0.0.tgz",
      "integrity": "sha1-3F5pjL0HkmW8c+A3doGk5Og/YW4=",
      "dev": true
    },
    "trim-right": {
      "version": "1.0.1",
      "resolved": "https://registry.npmjs.org/trim-right/-/trim-right-1.0.1.tgz",
      "integrity": "sha1-yy4SAwZ+DI3h9hQJS5/kVwTqYAM=",
      "dev": true
    }
  }
}
