{
  "name": "{{name}}",
  "version": "0.0.1",
  "lockfileVersion": 1,
  "requires": true,
  "dependencies": {
    "@freesewing/core": {
      "version": "2.0.0-alpha.3",
      "resolved": "https://registry.npmjs.org/@freesewing/core/-/core-2.0.0-alpha.3.tgz",
      "integrity": "sha512-3iL1wHBUyF4ew/CiVzZ5/ut/qoB5x1TKmOvkltJhiGaI/k8+3kcrBkhnScNcazkeidwjJ53wmpn0lvewbMlgxw==",
      "dev": true,
      "requires": {
        "bezier-js": "^2.2.13",
        "bin-pack": "1.0.2",
        "hooks": "^0.3.2"
      }
    },
    "bezier-js": {
      "version": "2.4.0",
      "resolved": "https://registry.npmjs.org/bezier-js/-/bezier-js-2.4.0.tgz",
      "integrity": "sha512-ttwqGL47RtYOoZy10oFJZ1VlEC6w1eJW1xMPBAvEx57cTWgmaJNr/c2ZLMr/O2RD50saR0OaLBIpgyZ7rkHLSw=="
    },
    "bin-pack": {
      "version": "1.0.2",
      "resolved": "https://registry.npmjs.org/bin-pack/-/bin-pack-1.0.2.tgz",
      "integrity": "sha1-wqAU7b8L7XCjKSBi7UZXe5YSBnk="
    },
    "hooks": {
      "version": "0.3.2",
      "resolved": "https://registry.npmjs.org/hooks/-/hooks-0.3.2.tgz",
      "integrity": "sha1-ox8GDCAmzqbPHKPrF4Qw5xjhxKM="
    }
  }
}
